
Microsoft Visual Studio Solution File, Format Version 12.00
# Visual Studio 15
VisualStudioVersion = 15.0.27703.2026
MinimumVisualStudioVersion = 10.0.40219.1
Project("{FAE04EC0-301F-11D3-BF4B-00C04F79EFBC}") = "GraficadorSeñales", "GraficadorSeñales\GraficadorSeñales.csproj", "{063F8E2E-3F4D-4F9A-9CC4-EB9EC2B31194}"
EndProject
Global
	GlobalSection(SolutionConfigurationPlatforms) = preSolution
		Debug|Any CPU = Debug|Any CPU
		Release|Any CPU = Release|Any CPU
	EndGlobalSection
	GlobalSection(ProjectConfigurationPlatforms) = postSolution
		{063F8E2E-3F4D-4F9A-9CC4-EB9EC2B31194}.Debug|Any CPU.ActiveCfg = Debug|Any CPU
		{063F8E2E-3F4D-4F9A-9CC4-EB9EC2B31194}.Debug|Any CPU.Build.0 = Debug|Any CPU
		{063F8E2E-3F4D-4F9A-9CC4-EB9EC2B31194}.Release|Any CPU.ActiveCfg = Release|Any CPU
		{063F8E2E-3F4D-4F9A-9CC4-EB9EC2B31194}.Release|Any CPU.Build.0 = Release|Any CPU
	EndGlobalSection
	GlobalSection(SolutionProperties) = preSolution
		HideSolutionNode = FALSE
	EndGlobalSection
	GlobalSection(ExtensibilityGlobals) = postSolution
		SolutionGuid = {B9313156-843F-4DC0-8F35-DD247D239FCD}
	EndGlobalSection
EndGlobal
